{
  "nodes": {
    "flake-utils": {
      "locked": {
        "lastModified": 1659877975,
        "narHash": "sha256-zllb8aq3YO3h8B/U0/J1WBgAL8EX5yWf5pMj3G0NAmc=",
        "owner": "numtide",
        "repo": "flake-utils",
        "rev": "c0e246b9b83f637f4681389ecabcb2681b4f3af0",
        "type": "github"
      },
      "original": {
        "owner": "numtide",
        "repo": "flake-utils",
        "type": "github"
      }
    },
    "nixpkgs": {
      "locked": {
        "lastModified": 1665865899,
        "narHash": "sha256-3MuLCMD2Lw2EhnavweeS3A6XaH6Wv8Lo4XB6+9zXxGs=",
        "owner": "NixOS",
        "repo": "nixpkgs",
        "rev": "e6d6133ee8ec2c5e26398cbfb46e2c4f7ee42565",
        "type": "github"
      },
      "original": {
        "owner": "NixOS",
        "repo": "nixpkgs",
        "type": "github"
      }
    },
    "rhine-unstable": {
      "flake": false,
      "locked": {
        "lastModified": 1665580472,
        "narHash": "sha256-hkFexICeoK2qpkUt4tDQq3cfQ5DLzFFqwH4teNnVE9I=",
        "owner": "turion",
        "repo": "rhine",
        "rev": "3bae3ddfa1ee70b8487e214f09a80c75b34f7398",
        "type": "github"
      },
      "original": {
        "owner": "turion",
        "repo": "rhine",
        "type": "github"
      }
    },
    "root": {
      "inputs": {
        "flake-utils": "flake-utils",
        "nixpkgs": "nixpkgs",
        "rhine-unstable": "rhine-unstable"
      }
    }
  },
  "root": "root",
  "version": 7
}
